
Microsoft Visual Studio Solution File, Format Version 12.00
# Visual Studio Version 17
VisualStudioVersion = 17.13.35825.156 d17.13
MinimumVisualStudioVersion = 10.0.40219.1
Project("{FAE04EC0-301F-11D3-BF4B-00C04F79EFBC}") = "Caletapp", "Caletapp\Caletapp.csproj", "{2E360671-0564-4CD4-A9F2-F4A078A59DC0}"
EndProject
Global
	GlobalSection(SolutionConfigurationPlatforms) = preSolution
		Debug|Any CPU = Debug|Any CPU
		Release|Any CPU = Release|Any CPU
	EndGlobalSection
	GlobalSection(ProjectConfigurationPlatforms) = postSolution
		{2E360671-0564-4CD4-A9F2-F4A078A59DC0}.Debug|Any CPU.ActiveCfg = Debug|Any CPU
		{2E360671-0564-4CD4-A9F2-F4A078A59DC0}.Debug|Any CPU.Build.0 = Debug|Any CPU
		{2E360671-0564-4CD4-A9F2-F4A078A59DC0}.Release|Any CPU.ActiveCfg = Release|Any CPU
		{2E360671-0564-4CD4-A9F2-F4A078A59DC0}.Release|Any CPU.Build.0 = Release|Any CPU
	EndGlobalSection
	GlobalSection(SolutionProperties) = preSolution
		HideSolutionNode = FALSE
	EndGlobalSection
	GlobalSection(ExtensibilityGlobals) = postSolution
		SolutionGuid = {EE8C204F-7DFF-4DDE-9287-771AF11FB72F}
	EndGlobalSection
EndGlobal
